
Microsoft Visual Studio Solution File, Format Version 12.00
# Visual Studio Version 17
VisualStudioVersion = 17.2.32630.192
MinimumVisualStudioVersion = 10.0.40219.1
Project("{9A19103F-16F7-4668-BE54-9A1E7A4F7556}") = "R5T.O0031.Construction", "R5T.O0031.Construction\R5T.O0031.Construction.csproj", "{F43AB3ED-D5C5-45AB-B5CF-8AB72BFC999A}"
EndProject
Project("{9A19103F-16F7-4668-BE54-9A1E7A4F7556}") = "R5T.O0031", "R5T.O0031\R5T.O0031.csproj", "{4DC5FBED-B4EF-4353-8D3A-8885F6556F77}"
EndProject
Project("{9A19103F-16F7-4668-BE54-9A1E7A4F7556}") = "R5T.O0031.O001", "R5T.O0031.O001\R5T.O0031.O001.csproj", "{E83588E6-B931-4F98-85ED-ABC76B7FD295}"
EndProject
Project("{2150E333-8FDC-42A3-9474-1A3956D46DE8}") = "_Dependencies", "_Dependencies", "{1605BF5D-D664-4108-AFC0-EB3FF2D1471E}"
EndProject
Project("{9A19103F-16F7-4668-BE54-9A1E7A4F7556}") = "R5T.F0000", "..\..\R5T.F0000\source\R5T.F0000\R5T.F0000.csproj", "{4DBC0E05-FF4B-46CF-BCBD-A8A9F2C1FB1A}"
EndProject
Project("{9A19103F-16F7-4668-BE54-9A1E7A4F7556}") = "R5T.F0002", "..\..\R5T.F0002\source\R5T.F0002\R5T.F0002.csproj", "{B07FB3A9-2ED4-427E-AD55-7697926D7E23}"
EndProject
Project("{9A19103F-16F7-4668-BE54-9A1E7A4F7556}") = "R5T.F0059", "..\..\R5T.F0059\source\R5T.F0059\R5T.F0059.csproj", "{B88F77DC-AA48-4B90-8547-317C2950226A}"
EndProject
Project("{9A19103F-16F7-4668-BE54-9A1E7A4F7556}") = "R5T.F0120", "..\..\R5T.F0120\source\R5T.F0120\R5T.F0120.csproj", "{35BA22D3-7ED1-4E14-AE6F-C3AB5CF3B036}"
EndProject
Project("{9A19103F-16F7-4668-BE54-9A1E7A4F7556}") = "R5T.F0124", "..\..\R5T.F0124\source\R5T.F0124\R5T.F0124.csproj", "{BE292ECE-E5FB-4416-B644-16F74C0C44E8}"
EndProject
Project("{9A19103F-16F7-4668-BE54-9A1E7A4F7556}") = "R5T.F0125", "..\..\R5T.F0125\source\R5T.F0125\R5T.F0125.csproj", "{C465B34F-3C65-42D9-B3D4-622BCD50DB2D}"
EndProject
Project("{9A19103F-16F7-4668-BE54-9A1E7A4F7556}") = "R5T.L0030.T000", "..\..\R5T.L0030\source\R5T.L0030.T000\R5T.L0030.T000.csproj", "{625F0955-084C-46BD-8D94-BE45579690D9}"
EndProject
Project("{9A19103F-16F7-4668-BE54-9A1E7A4F7556}") = "R5T.L0030", "..\..\R5T.L0030\source\R5T.L0030\R5T.L0030.csproj", "{8A08B059-9741-4E53-83E8-EB7B1A80CC5C}"
EndProject
Project("{9A19103F-16F7-4668-BE54-9A1E7A4F7556}") = "R5T.L0034", "..\..\R5T.L0034\source\R5T.L0034\R5T.L0034.csproj", "{F58A49E4-D498-41FB-A84C-347ECBCCF94F}"
EndProject
Project("{9A19103F-16F7-4668-BE54-9A1E7A4F7556}") = "R5T.L0035", "..\..\R5T.L0035\source\R5T.L0035\R5T.L0035.csproj", "{147A6A1B-8126-4D03-9A83-AADADD9EAF34}"
EndProject
Project("{9A19103F-16F7-4668-BE54-9A1E7A4F7556}") = "R5T.L0053", "..\..\R5T.L0053\source\R5T.L0053\R5T.L0053.csproj", "{CDA01FE2-255D-4603-8062-50A0E2312DC9}"
EndProject
Project("{9A19103F-16F7-4668-BE54-9A1E7A4F7556}") = "R5T.L0056", "..\..\R5T.L0056\source\R5T.L0056\R5T.L0056.csproj", "{10796112-785F-4D76-9DAA-B5C67A89BAA9}"
EndProject
Project("{9A19103F-16F7-4668-BE54-9A1E7A4F7556}") = "R5T.L0066", "..\..\R5T.L0066\source\R5T.L0066\R5T.L0066.csproj", "{C9487E78-C9D0-4682-8285-CE912C7621F9}"
EndProject
Project("{9A19103F-16F7-4668-BE54-9A1E7A4F7556}") = "R5T.L0071", "..\..\R5T.L0071\source\R5T.L0071\R5T.L0071.csproj", "{490D557C-B6E9-49E4-B6F4-B855B3878067}"
EndProject
Project("{9A19103F-16F7-4668-BE54-9A1E7A4F7556}") = "R5T.L0074", "..\..\R5T.L0074\source\R5T.L0074\R5T.L0074.csproj", "{92C9AE70-043F-4196-B9F3-34FB33970B8C}"
EndProject
Project("{9A19103F-16F7-4668-BE54-9A1E7A4F7556}") = "R5T.L0089.F000", "..\..\R5T.L0089\source\R5T.L0089.F000\R5T.L0089.F000.csproj", "{A2834611-07CB-400A-8196-CC2278FBA39E}"
EndProject
Project("{9A19103F-16F7-4668-BE54-9A1E7A4F7556}") = "R5T.L0089.T000", "..\..\R5T.L0089\source\R5T.L0089.T000\R5T.L0089.T000.csproj", "{ABAA1DC2-DE03-4BB5-9904-4A964E532198}"
EndProject
Project("{9A19103F-16F7-4668-BE54-9A1E7A4F7556}") = "R5T.L0089", "..\..\R5T.L0089\source\R5T.L0089\R5T.L0089.csproj", "{667FA4E6-74F9-4E89-8045-964F655F5DE5}"
EndProject
Project("{9A19103F-16F7-4668-BE54-9A1E7A4F7556}") = "R5T.NG0006", "..\..\R5T.NG0006\source\R5T.NG0006\R5T.NG0006.csproj", "{DE06BBC2-AB33-4E6A-9BAC-8C38772757FA}"
EndProject
Project("{9A19103F-16F7-4668-BE54-9A1E7A4F7556}") = "R5T.NG0022", "..\..\R5T.NG0022\source\R5T.NG0022\R5T.NG0022.csproj", "{9D2AC460-8B22-4654-9A37-8C84A2CBC058}"
EndProject
Project("{9A19103F-16F7-4668-BE54-9A1E7A4F7556}") = "R5T.T0131", "..\..\R5T.T0131\source\R5T.T0131\R5T.T0131.csproj", "{46A7C05C-42A3-4069-936F-136DA4BF3CFD}"
EndProject
Project("{9A19103F-16F7-4668-BE54-9A1E7A4F7556}") = "R5T.T0132", "..\..\R5T.T0132\source\R5T.T0132\R5T.T0132.csproj", "{2D8A6E10-4B1E-4EE2-94D6-730CC42C99C1}"
EndProject
Project("{9A19103F-16F7-4668-BE54-9A1E7A4F7556}") = "R5T.T0142", "..\..\R5T.T0142\source\R5T.T0142\R5T.T0142.csproj", "{92E61FA7-8E05-4D17-8E94-DECD274A32F5}"
EndProject
Project("{9A19103F-16F7-4668-BE54-9A1E7A4F7556}") = "R5T.T0143", "..\..\R5T.T0143\source\R5T.T0143\R5T.T0143.csproj", "{6D6A6382-3A15-450C-B681-E6F1524BE284}"
EndProject
Project("{9A19103F-16F7-4668-BE54-9A1E7A4F7556}") = "R5T.T0150", "..\..\R5T.T0150\source\R5T.T0150\R5T.T0150.csproj", "{A39AC51F-41C1-4F4C-B136-172C7840D4B0}"
EndProject
Project("{9A19103F-16F7-4668-BE54-9A1E7A4F7556}") = "R5T.T0151", "..\..\R5T.T0151\source\R5T.T0151\R5T.T0151.csproj", "{1D8E74E7-88F6-487B-AE38-2FC76B70B57B}"
EndProject
Project("{9A19103F-16F7-4668-BE54-9A1E7A4F7556}") = "R5T.T0156", "..\..\R5T.T0156\source\R5T.T0156\R5T.T0156.csproj", "{9B9908D4-A3BC-4D34-8896-B395C9F71D8D}"
EndProject
Project("{9A19103F-16F7-4668-BE54-9A1E7A4F7556}") = "R5T.T0158", "..\..\R5T.T0158\source\R5T.T0158\R5T.T0158.csproj", "{2B5E336B-3BE3-468F-B9C1-8327CD2C0679}"
EndProject
Project("{9A19103F-16F7-4668-BE54-9A1E7A4F7556}") = "R5T.T0159", "..\..\R5T.T0159\source\R5T.T0159\R5T.T0159.csproj", "{23172364-2A52-49C7-8ED3-E2D40F1E934C}"
EndProject
Project("{9A19103F-16F7-4668-BE54-9A1E7A4F7556}") = "R5T.T0172", "..\..\R5T.T0172\source\R5T.T0172\R5T.T0172.csproj", "{E435C61D-E237-4C2E-A123-D42B7ACAA183}"
EndProject
Project("{9A19103F-16F7-4668-BE54-9A1E7A4F7556}") = "R5T.T0174", "..\..\R5T.T0174\source\R5T.T0174\R5T.T0174.csproj", "{916AC5D6-9D1D-48B0-9C2B-FE63A26E6D5D}"
EndProject
Project("{9A19103F-16F7-4668-BE54-9A1E7A4F7556}") = "R5T.T0176", "..\..\R5T.T0176\source\R5T.T0176\R5T.T0176.csproj", "{F9FF8487-8895-4D99-9C39-1B4574292FA9}"
EndProject
Project("{9A19103F-16F7-4668-BE54-9A1E7A4F7556}") = "R5T.T0177", "..\..\R5T.T0177\source\R5T.T0177\R5T.T0177.csproj", "{B475A8FB-50BE-4DDC-9A1F-D8A47AA2264F}"
EndProject
Project("{9A19103F-16F7-4668-BE54-9A1E7A4F7556}") = "R5T.T0178", "..\..\R5T.T0178\source\R5T.T0178\R5T.T0178.csproj", "{7208ECB1-6A3E-42D2-8553-E0798E215502}"
EndProject
Project("{9A19103F-16F7-4668-BE54-9A1E7A4F7556}") = "R5T.T0179", "..\..\R5T.T0179\source\R5T.T0179\R5T.T0179.csproj", "{8CF13CD6-A7EF-4326-82CC-6446C55DB8FB}"
EndProject
Project("{9A19103F-16F7-4668-BE54-9A1E7A4F7556}") = "R5T.T0180", "..\..\R5T.T0180\source\R5T.T0180\R5T.T0180.csproj", "{C406B403-0412-4C4F-9EBF-2AFD7E34FA24}"
EndProject
Project("{9A19103F-16F7-4668-BE54-9A1E7A4F7556}") = "R5T.T0181", "..\..\R5T.T0181\source\R5T.T0181\R5T.T0181.csproj", "{DE746924-1698-4E17-892D-BA2E08B569EC}"
EndProject
Project("{9A19103F-16F7-4668-BE54-9A1E7A4F7556}") = "R5T.T0185", "..\..\R5T.T0185\source\R5T.T0185\R5T.T0185.csproj", "{10D47B59-58EB-48DB-8337-0ED936548308}"
EndProject
Project("{9A19103F-16F7-4668-BE54-9A1E7A4F7556}") = "R5T.T0199.T000", "..\..\R5T.T0199\source\R5T.T0199.T000\R5T.T0199.T000.csproj", "{ADEBB819-D6CA-49DC-9E1D-9F173A95E942}"
EndProject
Project("{9A19103F-16F7-4668-BE54-9A1E7A4F7556}") = "R5T.T0199.T001", "..\..\R5T.T0199\source\R5T.T0199.T001\R5T.T0199.T001.csproj", "{B90F5AEE-5F43-4FD9-B92E-192BC871E02C}"
EndProject
Project("{9A19103F-16F7-4668-BE54-9A1E7A4F7556}") = "R5T.T0199", "..\..\R5T.T0199\source\R5T.T0199\R5T.T0199.csproj", "{9884A718-3BA2-497C-A9D7-E0DC5F5670EA}"
EndProject
Project("{9A19103F-16F7-4668-BE54-9A1E7A4F7556}") = "R5T.T0203", "..\..\R5T.T0203\source\R5T.T0203\R5T.T0203.csproj", "{8EE06898-82EA-4C07-9AE7-8581075A6FD3}"
EndProject
Project("{9A19103F-16F7-4668-BE54-9A1E7A4F7556}") = "R5T.T0213", "..\..\R5T.T0213\source\R5T.T0213\R5T.T0213.csproj", "{5444B7EF-2535-4454-AC58-73C30760E161}"
EndProject
Project("{9A19103F-16F7-4668-BE54-9A1E7A4F7556}") = "R5T.T0218", "..\..\R5T.T0218\source\R5T.T0218\R5T.T0218.csproj", "{2D833047-82E0-42F6-BE94-790529D9DE4B}"
EndProject
Project("{9A19103F-16F7-4668-BE54-9A1E7A4F7556}") = "R5T.T0219", "..\..\R5T.T0219\source\R5T.T0219\R5T.T0219.csproj", "{1323C57A-67F4-471C-807B-6540A44BF268}"
EndProject
Project("{9A19103F-16F7-4668-BE54-9A1E7A4F7556}") = "R5T.T0220", "..\..\R5T.T0220\source\R5T.T0220\R5T.T0220.csproj", "{F51A8427-7FF1-4808-91F4-A86B972B9EE1}"
EndProject
Project("{9A19103F-16F7-4668-BE54-9A1E7A4F7556}") = "R5T.T0221", "..\..\R5T.T0221\source\R5T.T0221\R5T.T0221.csproj", "{1B85299D-B048-428C-8C3B-FD049E276472}"
EndProject
Project("{9A19103F-16F7-4668-BE54-9A1E7A4F7556}") = "R5T.T0227", "..\..\R5T.T0227\source\R5T.T0227\R5T.T0227.csproj", "{77B319B4-19D9-49A6-8503-D8D61DE1FC1B}"
EndProject
Project("{9A19103F-16F7-4668-BE54-9A1E7A4F7556}") = "R5T.Y0000", "..\..\R5T.Y0000\source\R5T.Y0000\R5T.Y0000.csproj", "{F59CD402-21EE-4EB1-BF4F-E73B0EEC1233}"
EndProject
Project("{9A19103F-16F7-4668-BE54-9A1E7A4F7556}") = "R5T.Y0006", "..\..\R5T.Y0006\source\R5T.Y0006\R5T.Y0006.csproj", "{804A8AD5-3DC1-45D6-B8E3-7BD06D41FF17}"
EndProject
Project("{9A19103F-16F7-4668-BE54-9A1E7A4F7556}") = "R5T.Z0000", "..\..\R5T.Z0000\source\R5T.Z0000\R5T.Z0000.csproj", "{2AAD0183-DC63-4A67-A29B-674B71F582AE}"
EndProject
Project("{9A19103F-16F7-4668-BE54-9A1E7A4F7556}") = "R5T.Z0010.Platform", "..\..\R5T.Z0010\source\R5T.Z0010.Platform\R5T.Z0010.Platform.csproj", "{9D9800DF-4D8B-493E-ACE3-731CBFC13E21}"
EndProject
Project("{9A19103F-16F7-4668-BE54-9A1E7A4F7556}") = "R5T.Z0010", "..\..\R5T.Z0010\source\R5T.Z0010\R5T.Z0010.csproj", "{43C32297-D047-4C45-87BB-6DA9C937C7D2}"
EndProject
Project("{9A19103F-16F7-4668-BE54-9A1E7A4F7556}") = "R5T.Z0057.Platform", "..\..\R5T.Z0057\source\R5T.Z0057.Platform\R5T.Z0057.Platform.csproj", "{7F790199-B937-4DF7-ACEB-7BF7821C26BE}"
EndProject
Project("{9A19103F-16F7-4668-BE54-9A1E7A4F7556}") = "R5T.Z0057", "..\..\R5T.Z0057\source\R5T.Z0057\R5T.Z0057.csproj", "{419B135D-BC5C-40E3-84DB-FFD8F664A007}"
EndProject
Project("{9A19103F-16F7-4668-BE54-9A1E7A4F7556}") = "R5T.Z0058", "..\..\R5T.Z0058\source\R5T.Z0058\R5T.Z0058.csproj", "{5F84E50A-8D5C-4F03-A654-87BAC335F9AA}"
EndProject
Project("{9A19103F-16F7-4668-BE54-9A1E7A4F7556}") = "R5T.L0073.F000", "..\..\R5T.L0073\source\R5T.L0073.F000\R5T.L0073.F000.csproj", "{BE974145-4D53-4A60-9653-C645FB400F6C}"
EndProject
Project("{9A19103F-16F7-4668-BE54-9A1E7A4F7556}") = "R5T.L0073.F001", "..\..\R5T.L0073\source\R5T.L0073.F001\R5T.L0073.F001.csproj", "{E16C607F-5D2C-43EF-B49D-CD972A9F4CE0}"
EndProject
Project("{9A19103F-16F7-4668-BE54-9A1E7A4F7556}") = "R5T.L0073.O003", "..\..\R5T.L0073\source\R5T.L0073.O003\R5T.L0073.O003.csproj", "{F6C25FD7-E73F-403C-83D1-F146EA8FF662}"
EndProject
Project("{9A19103F-16F7-4668-BE54-9A1E7A4F7556}") = "R5T.L0073.T001", "..\..\R5T.L0073\source\R5T.L0073.T001\R5T.L0073.T001.csproj", "{34CC552B-7F7C-4284-8EA9-80871C12B887}"
EndProject
Project("{9A19103F-16F7-4668-BE54-9A1E7A4F7556}") = "R5T.L0073.T004", "..\..\R5T.L0073\source\R5T.L0073.T004\R5T.L0073.T004.csproj", "{35677F73-BDE5-4202-8000-535F7973FBFD}"
EndProject
Project("{9A19103F-16F7-4668-BE54-9A1E7A4F7556}") = "R5T.L0073.Y000", "..\..\R5T.L0073\source\R5T.L0073.Y000\R5T.L0073.Y000.csproj", "{7BF10E7C-00E5-4AFD-804B-73780A064588}"
EndProject
Project("{9A19103F-16F7-4668-BE54-9A1E7A4F7556}") = "R5T.L0091.T000", "..\..\R5T.L0091\source\R5T.L0091.T000\R5T.L0091.T000.csproj", "{BD5C32B6-5373-47FB-87DD-44A68EB090A1}"
EndProject
Project("{9A19103F-16F7-4668-BE54-9A1E7A4F7556}") = "R5T.L0092.T001", "..\..\R5T.L0092\source\R5T.L0092.T001\R5T.L0092.T001.csproj", "{F6DDD261-A934-4D7B-84B9-156D004A21FF}"
EndProject
Project("{9A19103F-16F7-4668-BE54-9A1E7A4F7556}") = "R5T.L0093.T000", "..\..\R5T.L0093\source\R5T.L0093.T000\R5T.L0093.T000.csproj", "{1B8A4AB0-394D-4161-91E7-56196C1A2CED}"
EndProject
Project("{9A19103F-16F7-4668-BE54-9A1E7A4F7556}") = "R5T.NG0019", "..\..\R5T.NG0019\source\R5T.NG0019\R5T.NG0019.csproj", "{44D606BF-902E-4AB7-8A51-F6475911B3CF}"
EndProject
Project("{9A19103F-16F7-4668-BE54-9A1E7A4F7556}") = "R5T.T0240", "..\..\R5T.T0240\source\R5T.T0240\R5T.T0240.csproj", "{4AC315DE-E2C4-44F7-9A8F-43DEB5BFE053}"
EndProject
Project("{9A19103F-16F7-4668-BE54-9A1E7A4F7556}") = "R5T.T0241", "..\..\R5T.T0241\source\R5T.T0241\R5T.T0241.csproj", "{5E6E8D8D-FE1F-4FEC-A115-9A8C7C4C07F4}"
EndProject
Project("{9A19103F-16F7-4668-BE54-9A1E7A4F7556}") = "R5T.T0244", "..\..\R5T.T0244\source\R5T.T0244\R5T.T0244.csproj", "{B305B8CF-6197-4E1C-9DE7-26F095647E54}"
EndProject
Project("{9A19103F-16F7-4668-BE54-9A1E7A4F7556}") = "R5T.L0073.F002", "..\..\R5T.L0073\source\R5T.L0073.F002\R5T.L0073.F002.csproj", "{EF8F8F69-BDAD-4CC7-9428-400B2DACF6D3}"
EndProject
Project("{9A19103F-16F7-4668-BE54-9A1E7A4F7556}") = "R5T.L0073.Z001", "..\..\R5T.L0073\source\R5T.L0073.Z001\R5T.L0073.Z001.csproj", "{205BB928-DCE3-4F12-A36E-3854727E0566}"
EndProject
Project("{9A19103F-16F7-4668-BE54-9A1E7A4F7556}") = "R5T.Z0064.Z000", "..\..\R5T.Z0064\source\R5T.Z0064.Z000\R5T.Z0064.Z000.csproj", "{8F870E8B-4722-42EC-A29C-BE06A24A321A}"
EndProject
Global
	GlobalSection(NestedProjects) = preSolution
		{4DBC0E05-FF4B-46CF-BCBD-A8A9F2C1FB1A} = {1605BF5D-D664-4108-AFC0-EB3FF2D1471E}
		{B07FB3A9-2ED4-427E-AD55-7697926D7E23} = {1605BF5D-D664-4108-AFC0-EB3FF2D1471E}
		{B88F77DC-AA48-4B90-8547-317C2950226A} = {1605BF5D-D664-4108-AFC0-EB3FF2D1471E}
		{35BA22D3-7ED1-4E14-AE6F-C3AB5CF3B036} = {1605BF5D-D664-4108-AFC0-EB3FF2D1471E}
		{BE292ECE-E5FB-4416-B644-16F74C0C44E8} = {1605BF5D-D664-4108-AFC0-EB3FF2D1471E}
		{C465B34F-3C65-42D9-B3D4-622BCD50DB2D} = {1605BF5D-D664-4108-AFC0-EB3FF2D1471E}
		{625F0955-084C-46BD-8D94-BE45579690D9} = {1605BF5D-D664-4108-AFC0-EB3FF2D1471E}
		{8A08B059-9741-4E53-83E8-EB7B1A80CC5C} = {1605BF5D-D664-4108-AFC0-EB3FF2D1471E}
		{F58A49E4-D498-41FB-A84C-347ECBCCF94F} = {1605BF5D-D664-4108-AFC0-EB3FF2D1471E}
		{147A6A1B-8126-4D03-9A83-AADADD9EAF34} = {1605BF5D-D664-4108-AFC0-EB3FF2D1471E}
		{CDA01FE2-255D-4603-8062-50A0E2312DC9} = {1605BF5D-D664-4108-AFC0-EB3FF2D1471E}
		{10796112-785F-4D76-9DAA-B5C67A89BAA9} = {1605BF5D-D664-4108-AFC0-EB3FF2D1471E}
		{C9487E78-C9D0-4682-8285-CE912C7621F9} = {1605BF5D-D664-4108-AFC0-EB3FF2D1471E}
		{490D557C-B6E9-49E4-B6F4-B855B3878067} = {1605BF5D-D664-4108-AFC0-EB3FF2D1471E}
		{92C9AE70-043F-4196-B9F3-34FB33970B8C} = {1605BF5D-D664-4108-AFC0-EB3FF2D1471E}
		{A2834611-07CB-400A-8196-CC2278FBA39E} = {1605BF5D-D664-4108-AFC0-EB3FF2D1471E}
		{ABAA1DC2-DE03-4BB5-9904-4A964E532198} = {1605BF5D-D664-4108-AFC0-EB3FF2D1471E}
		{667FA4E6-74F9-4E89-8045-964F655F5DE5} = {1605BF5D-D664-4108-AFC0-EB3FF2D1471E}
		{DE06BBC2-AB33-4E6A-9BAC-8C38772757FA} = {1605BF5D-D664-4108-AFC0-EB3FF2D1471E}
		{9D2AC460-8B22-4654-9A37-8C84A2CBC058} = {1605BF5D-D664-4108-AFC0-EB3FF2D1471E}
		{46A7C05C-42A3-4069-936F-136DA4BF3CFD} = {1605BF5D-D664-4108-AFC0-EB3FF2D1471E}
		{2D8A6E10-4B1E-4EE2-94D6-730CC42C99C1} = {1605BF5D-D664-4108-AFC0-EB3FF2D1471E}
		{92E61FA7-8E05-4D17-8E94-DECD274A32F5} = {1605BF5D-D664-4108-AFC0-EB3FF2D1471E}
		{6D6A6382-3A15-450C-B681-E6F1524BE284} = {1605BF5D-D664-4108-AFC0-EB3FF2D1471E}
		{A39AC51F-41C1-4F4C-B136-172C7840D4B0} = {1605BF5D-D664-4108-AFC0-EB3FF2D1471E}
		{1D8E74E7-88F6-487B-AE38-2FC76B70B57B} = {1605BF5D-D664-4108-AFC0-EB3FF2D1471E}
		{9B9908D4-A3BC-4D34-8896-B395C9F71D8D} = {1605BF5D-D664-4108-AFC0-EB3FF2D1471E}
		{2B5E336B-3BE3-468F-B9C1-8327CD2C0679} = {1605BF5D-D664-4108-AFC0-EB3FF2D1471E}
		{23172364-2A52-49C7-8ED3-E2D40F1E934C} = {1605BF5D-D664-4108-AFC0-EB3FF2D1471E}
		{E435C61D-E237-4C2E-A123-D42B7ACAA183} = {1605BF5D-D664-4108-AFC0-EB3FF2D1471E}
		{916AC5D6-9D1D-48B0-9C2B-FE63A26E6D5D} = {1605BF5D-D664-4108-AFC0-EB3FF2D1471E}
		{F9FF8487-8895-4D99-9C39-1B4574292FA9} = {1605BF5D-D664-4108-AFC0-EB3FF2D1471E}
		{B475A8FB-50BE-4DDC-9A1F-D8A47AA2264F} = {1605BF5D-D664-4108-AFC0-EB3FF2D1471E}
		{7208ECB1-6A3E-42D2-8553-E0798E215502} = {1605BF5D-D664-4108-AFC0-EB3FF2D1471E}
		{8CF13CD6-A7EF-4326-82CC-6446C55DB8FB} = {1605BF5D-D664-4108-AFC0-EB3FF2D1471E}
		{C406B403-0412-4C4F-9EBF-2AFD7E34FA24} = {1605BF5D-D664-4108-AFC0-EB3FF2D1471E}
		{DE746924-1698-4E17-892D-BA2E08B569EC} = {1605BF5D-D664-4108-AFC0-EB3FF2D1471E}
		{10D47B59-58EB-48DB-8337-0ED936548308} = {1605BF5D-D664-4108-AFC0-EB3FF2D1471E}
		{ADEBB819-D6CA-49DC-9E1D-9F173A95E942} = {1605BF5D-D664-4108-AFC0-EB3FF2D1471E}
		{B90F5AEE-5F43-4FD9-B92E-192BC871E02C} = {1605BF5D-D664-4108-AFC0-EB3FF2D1471E}
		{9884A718-3BA2-497C-A9D7-E0DC5F5670EA} = {1605BF5D-D664-4108-AFC0-EB3FF2D1471E}
		{8EE06898-82EA-4C07-9AE7-8581075A6FD3} = {1605BF5D-D664-4108-AFC0-EB3FF2D1471E}
		{5444B7EF-2535-4454-AC58-73C30760E161} = {1605BF5D-D664-4108-AFC0-EB3FF2D1471E}
		{2D833047-82E0-42F6-BE94-790529D9DE4B} = {1605BF5D-D664-4108-AFC0-EB3FF2D1471E}
		{1323C57A-67F4-471C-807B-6540A44BF268} = {1605BF5D-D664-4108-AFC0-EB3FF2D1471E}
		{F51A8427-7FF1-4808-91F4-A86B972B9EE1} = {1605BF5D-D664-4108-AFC0-EB3FF2D1471E}
		{1B85299D-B048-428C-8C3B-FD049E276472} = {1605BF5D-D664-4108-AFC0-EB3FF2D1471E}
		{77B319B4-19D9-49A6-8503-D8D61DE1FC1B} = {1605BF5D-D664-4108-AFC0-EB3FF2D1471E}
		{F59CD402-21EE-4EB1-BF4F-E73B0EEC1233} = {1605BF5D-D664-4108-AFC0-EB3FF2D1471E}
		{804A8AD5-3DC1-45D6-B8E3-7BD06D41FF17} = {1605BF5D-D664-4108-AFC0-EB3FF2D1471E}
		{2AAD0183-DC63-4A67-A29B-674B71F582AE} = {1605BF5D-D664-4108-AFC0-EB3FF2D1471E}
		{9D9800DF-4D8B-493E-ACE3-731CBFC13E21} = {1605BF5D-D664-4108-AFC0-EB3FF2D1471E}
		{43C32297-D047-4C45-87BB-6DA9C937C7D2} = {1605BF5D-D664-4108-AFC0-EB3FF2D1471E}
		{7F790199-B937-4DF7-ACEB-7BF7821C26BE} = {1605BF5D-D664-4108-AFC0-EB3FF2D1471E}
		{419B135D-BC5C-40E3-84DB-FFD8F664A007} = {1605BF5D-D664-4108-AFC0-EB3FF2D1471E}
		{5F84E50A-8D5C-4F03-A654-87BAC335F9AA} = {1605BF5D-D664-4108-AFC0-EB3FF2D1471E}
		{BE974145-4D53-4A60-9653-C645FB400F6C} = {1605BF5D-D664-4108-AFC0-EB3FF2D1471E}
		{E16C607F-5D2C-43EF-B49D-CD972A9F4CE0} = {1605BF5D-D664-4108-AFC0-EB3FF2D1471E}
		{F6C25FD7-E73F-403C-83D1-F146EA8FF662} = {1605BF5D-D664-4108-AFC0-EB3FF2D1471E}
		{34CC552B-7F7C-4284-8EA9-80871C12B887} = {1605BF5D-D664-4108-AFC0-EB3FF2D1471E}
		{35677F73-BDE5-4202-8000-535F7973FBFD} = {1605BF5D-D664-4108-AFC0-EB3FF2D1471E}
		{7BF10E7C-00E5-4AFD-804B-73780A064588} = {1605BF5D-D664-4108-AFC0-EB3FF2D1471E}
		{BD5C32B6-5373-47FB-87DD-44A68EB090A1} = {1605BF5D-D664-4108-AFC0-EB3FF2D1471E}
		{F6DDD261-A934-4D7B-84B9-156D004A21FF} = {1605BF5D-D664-4108-AFC0-EB3FF2D1471E}
		{1B8A4AB0-394D-4161-91E7-56196C1A2CED} = {1605BF5D-D664-4108-AFC0-EB3FF2D1471E}
		{44D606BF-902E-4AB7-8A51-F6475911B3CF} = {1605BF5D-D664-4108-AFC0-EB3FF2D1471E}
		{4AC315DE-E2C4-44F7-9A8F-43DEB5BFE053} = {1605BF5D-D664-4108-AFC0-EB3FF2D1471E}
		{5E6E8D8D-FE1F-4FEC-A115-9A8C7C4C07F4} = {1605BF5D-D664-4108-AFC0-EB3FF2D1471E}
		{B305B8CF-6197-4E1C-9DE7-26F095647E54} = {1605BF5D-D664-4108-AFC0-EB3FF2D1471E}
		{EF8F8F69-BDAD-4CC7-9428-400B2DACF6D3} = {1605BF5D-D664-4108-AFC0-EB3FF2D1471E}
		{205BB928-DCE3-4F12-A36E-3854727E0566} = {1605BF5D-D664-4108-AFC0-EB3FF2D1471E}
		{8F870E8B-4722-42EC-A29C-BE06A24A321A} = {1605BF5D-D664-4108-AFC0-EB3FF2D1471E}
	EndGlobalSection
	GlobalSection(SolutionConfigurationPlatforms) = preSolution
		Debug|Any CPU = Debug|Any CPU
		Release|Any CPU = Release|Any CPU
	EndGlobalSection
	GlobalSection(ProjectConfigurationPlatforms) = postSolution
		{F43AB3ED-D5C5-45AB-B5CF-8AB72BFC999A}.Debug|Any CPU.ActiveCfg = Debug|Any CPU
		{F43AB3ED-D5C5-45AB-B5CF-8AB72BFC999A}.Debug|Any CPU.Build.0 = Debug|Any CPU
		{F43AB3ED-D5C5-45AB-B5CF-8AB72BFC999A}.Release|Any CPU.ActiveCfg = Release|Any CPU
		{F43AB3ED-D5C5-45AB-B5CF-8AB72BFC999A}.Release|Any CPU.Build.0 = Release|Any CPU
		{4DC5FBED-B4EF-4353-8D3A-8885F6556F77}.Debug|Any CPU.ActiveCfg = Debug|Any CPU
		{4DC5FBED-B4EF-4353-8D3A-8885F6556F77}.Debug|Any CPU.Build.0 = Debug|Any CPU
		{4DC5FBED-B4EF-4353-8D3A-8885F6556F77}.Release|Any CPU.ActiveCfg = Release|Any CPU
		{4DC5FBED-B4EF-4353-8D3A-8885F6556F77}.Release|Any CPU.Build.0 = Release|Any CPU
		{E83588E6-B931-4F98-85ED-ABC76B7FD295}.Debug|Any CPU.ActiveCfg = Debug|Any CPU
		{E83588E6-B931-4F98-85ED-ABC76B7FD295}.Debug|Any CPU.Build.0 = Debug|Any CPU
		{E83588E6-B931-4F98-85ED-ABC76B7FD295}.Release|Any CPU.ActiveCfg = Release|Any CPU
		{E83588E6-B931-4F98-85ED-ABC76B7FD295}.Release|Any CPU.Build.0 = Release|Any CPU
		{4DBC0E05-FF4B-46CF-BCBD-A8A9F2C1FB1A}.Debug|Any CPU.ActiveCfg = Debug|Any CPU
		{4DBC0E05-FF4B-46CF-BCBD-A8A9F2C1FB1A}.Debug|Any CPU.Build.0 = Debug|Any CPU
		{4DBC0E05-FF4B-46CF-BCBD-A8A9F2C1FB1A}.Release|Any CPU.ActiveCfg = Release|Any CPU
		{4DBC0E05-FF4B-46CF-BCBD-A8A9F2C1FB1A}.Release|Any CPU.Build.0 = Release|Any CPU
		{B07FB3A9-2ED4-427E-AD55-7697926D7E23}.Debug|Any CPU.ActiveCfg = Debug|Any CPU
		{B07FB3A9-2ED4-427E-AD55-7697926D7E23}.Debug|Any CPU.Build.0 = Debug|Any CPU
		{B07FB3A9-2ED4-427E-AD55-7697926D7E23}.Release|Any CPU.ActiveCfg = Release|Any CPU
		{B07FB3A9-2ED4-427E-AD55-7697926D7E23}.Release|Any CPU.Build.0 = Release|Any CPU
		{B88F77DC-AA48-4B90-8547-317C2950226A}.Debug|Any CPU.ActiveCfg = Debug|Any CPU
		{B88F77DC-AA48-4B90-8547-317C2950226A}.Debug|Any CPU.Build.0 = Debug|Any CPU
		{B88F77DC-AA48-4B90-8547-317C2950226A}.Release|Any CPU.ActiveCfg = Release|Any CPU
		{B88F77DC-AA48-4B90-8547-317C2950226A}.Release|Any CPU.Build.0 = Release|Any CPU
		{35BA22D3-7ED1-4E14-AE6F-C3AB5CF3B036}.Debug|Any CPU.ActiveCfg = Debug|Any CPU
		{35BA22D3-7ED1-4E14-AE6F-C3AB5CF3B036}.Debug|Any CPU.Build.0 = Debug|Any CPU
		{35BA22D3-7ED1-4E14-AE6F-C3AB5CF3B036}.Release|Any CPU.ActiveCfg = Release|Any CPU
		{35BA22D3-7ED1-4E14-AE6F-C3AB5CF3B036}.Release|Any CPU.Build.0 = Release|Any CPU
		{BE292ECE-E5FB-4416-B644-16F74C0C44E8}.Debug|Any CPU.ActiveCfg = Debug|Any CPU
		{BE292ECE-E5FB-4416-B644-16F74C0C44E8}.Debug|Any CPU.Build.0 = Debug|Any CPU
		{BE292ECE-E5FB-4416-B644-16F74C0C44E8}.Release|Any CPU.ActiveCfg = Release|Any CPU
		{BE292ECE-E5FB-4416-B644-16F74C0C44E8}.Release|Any CPU.Build.0 = Release|Any CPU
		{C465B34F-3C65-42D9-B3D4-622BCD50DB2D}.Debug|Any CPU.ActiveCfg = Debug|Any CPU
		{C465B34F-3C65-42D9-B3D4-622BCD50DB2D}.Debug|Any CPU.Build.0 = Debug|Any CPU
		{C465B34F-3C65-42D9-B3D4-622BCD50DB2D}.Release|Any CPU.ActiveCfg = Release|Any CPU
		{C465B34F-3C65-42D9-B3D4-622BCD50DB2D}.Release|Any CPU.Build.0 = Release|Any CPU
		{625F0955-084C-46BD-8D94-BE45579690D9}.Debug|Any CPU.ActiveCfg = Debug|Any CPU
		{625F0955-084C-46BD-8D94-BE45579690D9}.Debug|Any CPU.Build.0 = Debug|Any CPU
		{625F0955-084C-46BD-8D94-BE45579690D9}.Release|Any CPU.ActiveCfg = Release|Any CPU
		{625F0955-084C-46BD-8D94-BE45579690D9}.Release|Any CPU.Build.0 = Release|Any CPU
		{8A08B059-9741-4E53-83E8-EB7B1A80CC5C}.Debug|Any CPU.ActiveCfg = Debug|Any CPU
		{8A08B059-9741-4E53-83E8-EB7B1A80CC5C}.Debug|Any CPU.Build.0 = Debug|Any CPU
		{8A08B059-9741-4E53-83E8-EB7B1A80CC5C}.Release|Any CPU.ActiveCfg = Release|Any CPU
		{8A08B059-9741-4E53-83E8-EB7B1A80CC5C}.Release|Any CPU.Build.0 = Release|Any CPU
		{F58A49E4-D498-41FB-A84C-347ECBCCF94F}.Debug|Any CPU.ActiveCfg = Debug|Any CPU
		{F58A49E4-D498-41FB-A84C-347ECBCCF94F}.Debug|Any CPU.Build.0 = Debug|Any CPU
		{F58A49E4-D498-41FB-A84C-347ECBCCF94F}.Release|Any CPU.ActiveCfg = Release|Any CPU
		{F58A49E4-D498-41FB-A84C-347ECBCCF94F}.Release|Any CPU.Build.0 = Release|Any CPU
		{147A6A1B-8126-4D03-9A83-AADADD9EAF34}.Debug|Any CPU.ActiveCfg = Debug|Any CPU
		{147A6A1B-8126-4D03-9A83-AADADD9EAF34}.Debug|Any CPU.Build.0 = Debug|Any CPU
		{147A6A1B-8126-4D03-9A83-AADADD9EAF34}.Release|Any CPU.ActiveCfg = Release|Any CPU
		{147A6A1B-8126-4D03-9A83-AADADD9EAF34}.Release|Any CPU.Build.0 = Release|Any CPU
		{CDA01FE2-255D-4603-8062-50A0E2312DC9}.Debug|Any CPU.ActiveCfg = Debug|Any CPU
		{CDA01FE2-255D-4603-8062-50A0E2312DC9}.Debug|Any CPU.Build.0 = Debug|Any CPU
		{CDA01FE2-255D-4603-8062-50A0E2312DC9}.Release|Any CPU.ActiveCfg = Release|Any CPU
		{CDA01FE2-255D-4603-8062-50A0E2312DC9}.Release|Any CPU.Build.0 = Release|Any CPU
		{10796112-785F-4D76-9DAA-B5C67A89BAA9}.Debug|Any CPU.ActiveCfg = Debug|Any CPU
		{10796112-785F-4D76-9DAA-B5C67A89BAA9}.Debug|Any CPU.Build.0 = Debug|Any CPU
		{10796112-785F-4D76-9DAA-B5C67A89BAA9}.Release|Any CPU.ActiveCfg = Release|Any CPU
		{10796112-785F-4D76-9DAA-B5C67A89BAA9}.Release|Any CPU.Build.0 = Release|Any CPU
		{C9487E78-C9D0-4682-8285-CE912C7621F9}.Debug|Any CPU.ActiveCfg = Debug|Any CPU
		{C9487E78-C9D0-4682-8285-CE912C7621F9}.Debug|Any CPU.Build.0 = Debug|Any CPU
		{C9487E78-C9D0-4682-8285-CE912C7621F9}.Release|Any CPU.ActiveCfg = Release|Any CPU
		{C9487E78-C9D0-4682-8285-CE912C7621F9}.Release|Any CPU.Build.0 = Release|Any CPU
		{490D557C-B6E9-49E4-B6F4-B855B3878067}.Debug|Any CPU.ActiveCfg = Debug|Any CPU
		{490D557C-B6E9-49E4-B6F4-B855B3878067}.Debug|Any CPU.Build.0 = Debug|Any CPU
		{490D557C-B6E9-49E4-B6F4-B855B3878067}.Release|Any CPU.ActiveCfg = Release|Any CPU
		{490D557C-B6E9-49E4-B6F4-B855B3878067}.Release|Any CPU.Build.0 = Release|Any CPU
		{92C9AE70-043F-4196-B9F3-34FB33970B8C}.Debug|Any CPU.ActiveCfg = Debug|Any CPU
		{92C9AE70-043F-4196-B9F3-34FB33970B8C}.Debug|Any CPU.Build.0 = Debug|Any CPU
		{92C9AE70-043F-4196-B9F3-34FB33970B8C}.Release|Any CPU.ActiveCfg = Release|Any CPU
		{92C9AE70-043F-4196-B9F3-34FB33970B8C}.Release|Any CPU.Build.0 = Release|Any CPU
		{A2834611-07CB-400A-8196-CC2278FBA39E}.Debug|Any CPU.ActiveCfg = Debug|Any CPU
		{A2834611-07CB-400A-8196-CC2278FBA39E}.Debug|Any CPU.Build.0 = Debug|Any CPU
		{A2834611-07CB-400A-8196-CC2278FBA39E}.Release|Any CPU.ActiveCfg = Release|Any CPU
		{A2834611-07CB-400A-8196-CC2278FBA39E}.Release|Any CPU.Build.0 = Release|Any CPU
		{ABAA1DC2-DE03-4BB5-9904-4A964E532198}.Debug|Any CPU.ActiveCfg = Debug|Any CPU
		{ABAA1DC2-DE03-4BB5-9904-4A964E532198}.Debug|Any CPU.Build.0 = Debug|Any CPU
		{ABAA1DC2-DE03-4BB5-9904-4A964E532198}.Release|Any CPU.ActiveCfg = Release|Any CPU
		{ABAA1DC2-DE03-4BB5-9904-4A964E532198}.Release|Any CPU.Build.0 = Release|Any CPU
		{667FA4E6-74F9-4E89-8045-964F655F5DE5}.Debug|Any CPU.ActiveCfg = Debug|Any CPU
		{667FA4E6-74F9-4E89-8045-964F655F5DE5}.Debug|Any CPU.Build.0 = Debug|Any CPU
		{667FA4E6-74F9-4E89-8045-964F655F5DE5}.Release|Any CPU.ActiveCfg = Release|Any CPU
		{667FA4E6-74F9-4E89-8045-964F655F5DE5}.Release|Any CPU.Build.0 = Release|Any CPU
		{DE06BBC2-AB33-4E6A-9BAC-8C38772757FA}.Debug|Any CPU.ActiveCfg = Debug|Any CPU
		{DE06BBC2-AB33-4E6A-9BAC-8C38772757FA}.Debug|Any CPU.Build.0 = Debug|Any CPU
		{DE06BBC2-AB33-4E6A-9BAC-8C38772757FA}.Release|Any CPU.ActiveCfg = Release|Any CPU
		{DE06BBC2-AB33-4E6A-9BAC-8C38772757FA}.Release|Any CPU.Build.0 = Release|Any CPU
		{9D2AC460-8B22-4654-9A37-8C84A2CBC058}.Debug|Any CPU.ActiveCfg = Debug|Any CPU
		{9D2AC460-8B22-4654-9A37-8C84A2CBC058}.Debug|Any CPU.Build.0 = Debug|Any CPU
		{9D2AC460-8B22-4654-9A37-8C84A2CBC058}.Release|Any CPU.ActiveCfg = Release|Any CPU
		{9D2AC460-8B22-4654-9A37-8C84A2CBC058}.Release|Any CPU.Build.0 = Release|Any CPU
		{46A7C05C-42A3-4069-936F-136DA4BF3CFD}.Debug|Any CPU.ActiveCfg = Debug|Any CPU
		{46A7C05C-42A3-4069-936F-136DA4BF3CFD}.Debug|Any CPU.Build.0 = Debug|Any CPU
		{46A7C05C-42A3-4069-936F-136DA4BF3CFD}.Release|Any CPU.ActiveCfg = Release|Any CPU
		{46A7C05C-42A3-4069-936F-136DA4BF3CFD}.Release|Any CPU.Build.0 = Release|Any CPU
		{2D8A6E10-4B1E-4EE2-94D6-730CC42C99C1}.Debug|Any CPU.ActiveCfg = Debug|Any CPU
		{2D8A6E10-4B1E-4EE2-94D6-730CC42C99C1}.Debug|Any CPU.Build.0 = Debug|Any CPU
		{2D8A6E10-4B1E-4EE2-94D6-730CC42C99C1}.Release|Any CPU.ActiveCfg = Release|Any CPU
		{2D8A6E10-4B1E-4EE2-94D6-730CC42C99C1}.Release|Any CPU.Build.0 = Release|Any CPU
		{92E61FA7-8E05-4D17-8E94-DECD274A32F5}.Debug|Any CPU.ActiveCfg = Debug|Any CPU
		{92E61FA7-8E05-4D17-8E94-DECD274A32F5}.Debug|Any CPU.Build.0 = Debug|Any CPU
		{92E61FA7-8E05-4D17-8E94-DECD274A32F5}.Release|Any CPU.ActiveCfg = Release|Any CPU
		{92E61FA7-8E05-4D17-8E94-DECD274A32F5}.Release|Any CPU.Build.0 = Release|Any CPU
		{6D6A6382-3A15-450C-B681-E6F1524BE284}.Debug|Any CPU.ActiveCfg = Debug|Any CPU
		{6D6A6382-3A15-450C-B681-E6F1524BE284}.Debug|Any CPU.Build.0 = Debug|Any CPU
		{6D6A6382-3A15-450C-B681-E6F1524BE284}.Release|Any CPU.ActiveCfg = Release|Any CPU
		{6D6A6382-3A15-450C-B681-E6F1524BE284}.Release|Any CPU.Build.0 = Release|Any CPU
		{A39AC51F-41C1-4F4C-B136-172C7840D4B0}.Debug|Any CPU.ActiveCfg = Debug|Any CPU
		{A39AC51F-41C1-4F4C-B136-172C7840D4B0}.Debug|Any CPU.Build.0 = Debug|Any CPU
		{A39AC51F-41C1-4F4C-B136-172C7840D4B0}.Release|Any CPU.ActiveCfg = Release|Any CPU
		{A39AC51F-41C1-4F4C-B136-172C7840D4B0}.Release|Any CPU.Build.0 = Release|Any CPU
		{1D8E74E7-88F6-487B-AE38-2FC76B70B57B}.Debug|Any CPU.ActiveCfg = Debug|Any CPU
		{1D8E74E7-88F6-487B-AE38-2FC76B70B57B}.Debug|Any CPU.Build.0 = Debug|Any CPU
		{1D8E74E7-88F6-487B-AE38-2FC76B70B57B}.Release|Any CPU.ActiveCfg = Release|Any CPU
		{1D8E74E7-88F6-487B-AE38-2FC76B70B57B}.Release|Any CPU.Build.0 = Release|Any CPU
		{9B9908D4-A3BC-4D34-8896-B395C9F71D8D}.Debug|Any CPU.ActiveCfg = Debug|Any CPU
		{9B9908D4-A3BC-4D34-8896-B395C9F71D8D}.Debug|Any CPU.Build.0 = Debug|Any CPU
		{9B9908D4-A3BC-4D34-8896-B395C9F71D8D}.Release|Any CPU.ActiveCfg = Release|Any CPU
		{9B9908D4-A3BC-4D34-8896-B395C9F71D8D}.Release|Any CPU.Build.0 = Release|Any CPU
		{2B5E336B-3BE3-468F-B9C1-8327CD2C0679}.Debug|Any CPU.ActiveCfg = Debug|Any CPU
		{2B5E336B-3BE3-468F-B9C1-8327CD2C0679}.Debug|Any CPU.Build.0 = Debug|Any CPU
		{2B5E336B-3BE3-468F-B9C1-8327CD2C0679}.Release|Any CPU.ActiveCfg = Release|Any CPU
		{2B5E336B-3BE3-468F-B9C1-8327CD2C0679}.Release|Any CPU.Build.0 = Release|Any CPU
		{23172364-2A52-49C7-8ED3-E2D40F1E934C}.Debug|Any CPU.ActiveCfg = Debug|Any CPU
		{23172364-2A52-49C7-8ED3-E2D40F1E934C}.Debug|Any CPU.Build.0 = Debug|Any CPU
		{23172364-2A52-49C7-8ED3-E2D40F1E934C}.Release|Any CPU.ActiveCfg = Release|Any CPU
		{23172364-2A52-49C7-8ED3-E2D40F1E934C}.Release|Any CPU.Build.0 = Release|Any CPU
		{E435C61D-E237-4C2E-A123-D42B7ACAA183}.Debug|Any CPU.ActiveCfg = Debug|Any CPU
		{E435C61D-E237-4C2E-A123-D42B7ACAA183}.Debug|Any CPU.Build.0 = Debug|Any CPU
		{E435C61D-E237-4C2E-A123-D42B7ACAA183}.Release|Any CPU.ActiveCfg = Release|Any CPU
		{E435C61D-E237-4C2E-A123-D42B7ACAA183}.Release|Any CPU.Build.0 = Release|Any CPU
		{916AC5D6-9D1D-48B0-9C2B-FE63A26E6D5D}.Debug|Any CPU.ActiveCfg = Debug|Any CPU
		{916AC5D6-9D1D-48B0-9C2B-FE63A26E6D5D}.Debug|Any CPU.Build.0 = Debug|Any CPU
		{916AC5D6-9D1D-48B0-9C2B-FE63A26E6D5D}.Release|Any CPU.ActiveCfg = Release|Any CPU
		{916AC5D6-9D1D-48B0-9C2B-FE63A26E6D5D}.Release|Any CPU.Build.0 = Release|Any CPU
		{F9FF8487-8895-4D99-9C39-1B4574292FA9}.Debug|Any CPU.ActiveCfg = Debug|Any CPU
		{F9FF8487-8895-4D99-9C39-1B4574292FA9}.Debug|Any CPU.Build.0 = Debug|Any CPU
		{F9FF8487-8895-4D99-9C39-1B4574292FA9}.Release|Any CPU.ActiveCfg = Release|Any CPU
		{F9FF8487-8895-4D99-9C39-1B4574292FA9}.Release|Any CPU.Build.0 = Release|Any CPU
		{B475A8FB-50BE-4DDC-9A1F-D8A47AA2264F}.Debug|Any CPU.ActiveCfg = Debug|Any CPU
		{B475A8FB-50BE-4DDC-9A1F-D8A47AA2264F}.Debug|Any CPU.Build.0 = Debug|Any CPU
		{B475A8FB-50BE-4DDC-9A1F-D8A47AA2264F}.Release|Any CPU.ActiveCfg = Release|Any CPU
		{B475A8FB-50BE-4DDC-9A1F-D8A47AA2264F}.Release|Any CPU.Build.0 = Release|Any CPU
		{7208ECB1-6A3E-42D2-8553-E0798E215502}.Debug|Any CPU.ActiveCfg = Debug|Any CPU
		{7208ECB1-6A3E-42D2-8553-E0798E215502}.Debug|Any CPU.Build.0 = Debug|Any CPU
		{7208ECB1-6A3E-42D2-8553-E0798E215502}.Release|Any CPU.ActiveCfg = Release|Any CPU
		{7208ECB1-6A3E-42D2-8553-E0798E215502}.Release|Any CPU.Build.0 = Release|Any CPU
		{8CF13CD6-A7EF-4326-82CC-6446C55DB8FB}.Debug|Any CPU.ActiveCfg = Debug|Any CPU
		{8CF13CD6-A7EF-4326-82CC-6446C55DB8FB}.Debug|Any CPU.Build.0 = Debug|Any CPU
		{8CF13CD6-A7EF-4326-82CC-6446C55DB8FB}.Release|Any CPU.ActiveCfg = Release|Any CPU
		{8CF13CD6-A7EF-4326-82CC-6446C55DB8FB}.Release|Any CPU.Build.0 = Release|Any CPU
		{C406B403-0412-4C4F-9EBF-2AFD7E34FA24}.Debug|Any CPU.ActiveCfg = Debug|Any CPU
		{C406B403-0412-4C4F-9EBF-2AFD7E34FA24}.Debug|Any CPU.Build.0 = Debug|Any CPU
		{C406B403-0412-4C4F-9EBF-2AFD7E34FA24}.Release|Any CPU.ActiveCfg = Release|Any CPU
		{C406B403-0412-4C4F-9EBF-2AFD7E34FA24}.Release|Any CPU.Build.0 = Release|Any CPU
		{DE746924-1698-4E17-892D-BA2E08B569EC}.Debug|Any CPU.ActiveCfg = Debug|Any CPU
		{DE746924-1698-4E17-892D-BA2E08B569EC}.Debug|Any CPU.Build.0 = Debug|Any CPU
		{DE746924-1698-4E17-892D-BA2E08B569EC}.Release|Any CPU.ActiveCfg = Release|Any CPU
		{DE746924-1698-4E17-892D-BA2E08B569EC}.Release|Any CPU.Build.0 = Release|Any CPU
		{10D47B59-58EB-48DB-8337-0ED936548308}.Debug|Any CPU.ActiveCfg = Debug|Any CPU
		{10D47B59-58EB-48DB-8337-0ED936548308}.Debug|Any CPU.Build.0 = Debug|Any CPU
		{10D47B59-58EB-48DB-8337-0ED936548308}.Release|Any CPU.ActiveCfg = Release|Any CPU
		{10D47B59-58EB-48DB-8337-0ED936548308}.Release|Any CPU.Build.0 = Release|Any CPU
		{ADEBB819-D6CA-49DC-9E1D-9F173A95E942}.Debug|Any CPU.ActiveCfg = Debug|Any CPU
		{ADEBB819-D6CA-49DC-9E1D-9F173A95E942}.Debug|Any CPU.Build.0 = Debug|Any CPU
		{ADEBB819-D6CA-49DC-9E1D-9F173A95E942}.Release|Any CPU.ActiveCfg = Release|Any CPU
		{ADEBB819-D6CA-49DC-9E1D-9F173A95E942}.Release|Any CPU.Build.0 = Release|Any CPU
		{B90F5AEE-5F43-4FD9-B92E-192BC871E02C}.Debug|Any CPU.ActiveCfg = Debug|Any CPU
		{B90F5AEE-5F43-4FD9-B92E-192BC871E02C}.Debug|Any CPU.Build.0 = Debug|Any CPU
		{B90F5AEE-5F43-4FD9-B92E-192BC871E02C}.Release|Any CPU.ActiveCfg = Release|Any CPU
		{B90F5AEE-5F43-4FD9-B92E-192BC871E02C}.Release|Any CPU.Build.0 = Release|Any CPU
		{9884A718-3BA2-497C-A9D7-E0DC5F5670EA}.Debug|Any CPU.ActiveCfg = Debug|Any CPU
		{9884A718-3BA2-497C-A9D7-E0DC5F5670EA}.Debug|Any CPU.Build.0 = Debug|Any CPU
		{9884A718-3BA2-497C-A9D7-E0DC5F5670EA}.Release|Any CPU.ActiveCfg = Release|Any CPU
		{9884A718-3BA2-497C-A9D7-E0DC5F5670EA}.Release|Any CPU.Build.0 = Release|Any CPU
		{8EE06898-82EA-4C07-9AE7-8581075A6FD3}.Debug|Any CPU.ActiveCfg = Debug|Any CPU
		{8EE06898-82EA-4C07-9AE7-8581075A6FD3}.Debug|Any CPU.Build.0 = Debug|Any CPU
		{8EE06898-82EA-4C07-9AE7-8581075A6FD3}.Release|Any CPU.ActiveCfg = Release|Any CPU
		{8EE06898-82EA-4C07-9AE7-8581075A6FD3}.Release|Any CPU.Build.0 = Release|Any CPU
		{5444B7EF-2535-4454-AC58-73C30760E161}.Debug|Any CPU.ActiveCfg = Debug|Any CPU
		{5444B7EF-2535-4454-AC58-73C30760E161}.Debug|Any CPU.Build.0 = Debug|Any CPU
		{5444B7EF-2535-4454-AC58-73C30760E161}.Release|Any CPU.ActiveCfg = Release|Any CPU
		{5444B7EF-2535-4454-AC58-73C30760E161}.Release|Any CPU.Build.0 = Release|Any CPU
		{2D833047-82E0-42F6-BE94-790529D9DE4B}.Debug|Any CPU.ActiveCfg = Debug|Any CPU
		{2D833047-82E0-42F6-BE94-790529D9DE4B}.Debug|Any CPU.Build.0 = Debug|Any CPU
		{2D833047-82E0-42F6-BE94-790529D9DE4B}.Release|Any CPU.ActiveCfg = Release|Any CPU
		{2D833047-82E0-42F6-BE94-790529D9DE4B}.Release|Any CPU.Build.0 = Release|Any CPU
		{1323C57A-67F4-471C-807B-6540A44BF268}.Debug|Any CPU.ActiveCfg = Debug|Any CPU
		{1323C57A-67F4-471C-807B-6540A44BF268}.Debug|Any CPU.Build.0 = Debug|Any CPU
		{1323C57A-67F4-471C-807B-6540A44BF268}.Release|Any CPU.ActiveCfg = Release|Any CPU
		{1323C57A-67F4-471C-807B-6540A44BF268}.Release|Any CPU.Build.0 = Release|Any CPU
		{F51A8427-7FF1-4808-91F4-A86B972B9EE1}.Debug|Any CPU.ActiveCfg = Debug|Any CPU
		{F51A8427-7FF1-4808-91F4-A86B972B9EE1}.Debug|Any CPU.Build.0 = Debug|Any CPU
		{F51A8427-7FF1-4808-91F4-A86B972B9EE1}.Release|Any CPU.ActiveCfg = Release|Any CPU
		{F51A8427-7FF1-4808-91F4-A86B972B9EE1}.Release|Any CPU.Build.0 = Release|Any CPU
		{1B85299D-B048-428C-8C3B-FD049E276472}.Debug|Any CPU.ActiveCfg = Debug|Any CPU
		{1B85299D-B048-428C-8C3B-FD049E276472}.Debug|Any CPU.Build.0 = Debug|Any CPU
		{1B85299D-B048-428C-8C3B-FD049E276472}.Release|Any CPU.ActiveCfg = Release|Any CPU
		{1B85299D-B048-428C-8C3B-FD049E276472}.Release|Any CPU.Build.0 = Release|Any CPU
		{77B319B4-19D9-49A6-8503-D8D61DE1FC1B}.Debug|Any CPU.ActiveCfg = Debug|Any CPU
		{77B319B4-19D9-49A6-8503-D8D61DE1FC1B}.Debug|Any CPU.Build.0 = Debug|Any CPU
		{77B319B4-19D9-49A6-8503-D8D61DE1FC1B}.Release|Any CPU.ActiveCfg = Release|Any CPU
		{77B319B4-19D9-49A6-8503-D8D61DE1FC1B}.Release|Any CPU.Build.0 = Release|Any CPU
		{F59CD402-21EE-4EB1-BF4F-E73B0EEC1233}.Debug|Any CPU.ActiveCfg = Debug|Any CPU
		{F59CD402-21EE-4EB1-BF4F-E73B0EEC1233}.Debug|Any CPU.Build.0 = Debug|Any CPU
		{F59CD402-21EE-4EB1-BF4F-E73B0EEC1233}.Release|Any CPU.ActiveCfg = Release|Any CPU
		{F59CD402-21EE-4EB1-BF4F-E73B0EEC1233}.Release|Any CPU.Build.0 = Release|Any CPU
		{804A8AD5-3DC1-45D6-B8E3-7BD06D41FF17}.Debug|Any CPU.ActiveCfg = Debug|Any CPU
		{804A8AD5-3DC1-45D6-B8E3-7BD06D41FF17}.Debug|Any CPU.Build.0 = Debug|Any CPU
		{804A8AD5-3DC1-45D6-B8E3-7BD06D41FF17}.Release|Any CPU.ActiveCfg = Release|Any CPU
		{804A8AD5-3DC1-45D6-B8E3-7BD06D41FF17}.Release|Any CPU.Build.0 = Release|Any CPU
		{2AAD0183-DC63-4A67-A29B-674B71F582AE}.Debug|Any CPU.ActiveCfg = Debug|Any CPU
		{2AAD0183-DC63-4A67-A29B-674B71F582AE}.Debug|Any CPU.Build.0 = Debug|Any CPU
		{2AAD0183-DC63-4A67-A29B-674B71F582AE}.Release|Any CPU.ActiveCfg = Release|Any CPU
		{2AAD0183-DC63-4A67-A29B-674B71F582AE}.Release|Any CPU.Build.0 = Release|Any CPU
		{9D9800DF-4D8B-493E-ACE3-731CBFC13E21}.Debug|Any CPU.ActiveCfg = Debug|Any CPU
		{9D9800DF-4D8B-493E-ACE3-731CBFC13E21}.Debug|Any CPU.Build.0 = Debug|Any CPU
		{9D9800DF-4D8B-493E-ACE3-731CBFC13E21}.Release|Any CPU.ActiveCfg = Release|Any CPU
		{9D9800DF-4D8B-493E-ACE3-731CBFC13E21}.Release|Any CPU.Build.0 = Release|Any CPU
		{43C32297-D047-4C45-87BB-6DA9C937C7D2}.Debug|Any CPU.ActiveCfg = Debug|Any CPU
		{43C32297-D047-4C45-87BB-6DA9C937C7D2}.Debug|Any CPU.Build.0 = Debug|Any CPU
		{43C32297-D047-4C45-87BB-6DA9C937C7D2}.Release|Any CPU.ActiveCfg = Release|Any CPU
		{43C32297-D047-4C45-87BB-6DA9C937C7D2}.Release|Any CPU.Build.0 = Release|Any CPU
		{7F790199-B937-4DF7-ACEB-7BF7821C26BE}.Debug|Any CPU.ActiveCfg = Debug|Any CPU
		{7F790199-B937-4DF7-ACEB-7BF7821C26BE}.Debug|Any CPU.Build.0 = Debug|Any CPU
		{7F790199-B937-4DF7-ACEB-7BF7821C26BE}.Release|Any CPU.ActiveCfg = Release|Any CPU
		{7F790199-B937-4DF7-ACEB-7BF7821C26BE}.Release|Any CPU.Build.0 = Release|Any CPU
		{419B135D-BC5C-40E3-84DB-FFD8F664A007}.Debug|Any CPU.ActiveCfg = Debug|Any CPU
		{419B135D-BC5C-40E3-84DB-FFD8F664A007}.Debug|Any CPU.Build.0 = Debug|Any CPU
		{419B135D-BC5C-40E3-84DB-FFD8F664A007}.Release|Any CPU.ActiveCfg = Release|Any CPU
		{419B135D-BC5C-40E3-84DB-FFD8F664A007}.Release|Any CPU.Build.0 = Release|Any CPU
		{5F84E50A-8D5C-4F03-A654-87BAC335F9AA}.Debug|Any CPU.ActiveCfg = Debug|Any CPU
		{5F84E50A-8D5C-4F03-A654-87BAC335F9AA}.Debug|Any CPU.Build.0 = Debug|Any CPU
		{5F84E50A-8D5C-4F03-A654-87BAC335F9AA}.Release|Any CPU.ActiveCfg = Release|Any CPU
		{5F84E50A-8D5C-4F03-A654-87BAC335F9AA}.Release|Any CPU.Build.0 = Release|Any CPU
		{BE974145-4D53-4A60-9653-C645FB400F6C}.Debug|Any CPU.ActiveCfg = Debug|Any CPU
		{BE974145-4D53-4A60-9653-C645FB400F6C}.Debug|Any CPU.Build.0 = Debug|Any CPU
		{BE974145-4D53-4A60-9653-C645FB400F6C}.Release|Any CPU.ActiveCfg = Release|Any CPU
		{BE974145-4D53-4A60-9653-C645FB400F6C}.Release|Any CPU.Build.0 = Release|Any CPU
		{E16C607F-5D2C-43EF-B49D-CD972A9F4CE0}.Debug|Any CPU.ActiveCfg = Debug|Any CPU
		{E16C607F-5D2C-43EF-B49D-CD972A9F4CE0}.Debug|Any CPU.Build.0 = Debug|Any CPU
		{E16C607F-5D2C-43EF-B49D-CD972A9F4CE0}.Release|Any CPU.ActiveCfg = Release|Any CPU
		{E16C607F-5D2C-43EF-B49D-CD972A9F4CE0}.Release|Any CPU.Build.0 = Release|Any CPU
		{F6C25FD7-E73F-403C-83D1-F146EA8FF662}.Debug|Any CPU.ActiveCfg = Debug|Any CPU
		{F6C25FD7-E73F-403C-83D1-F146EA8FF662}.Debug|Any CPU.Build.0 = Debug|Any CPU
		{F6C25FD7-E73F-403C-83D1-F146EA8FF662}.Release|Any CPU.ActiveCfg = Release|Any CPU
		{F6C25FD7-E73F-403C-83D1-F146EA8FF662}.Release|Any CPU.Build.0 = Release|Any CPU
		{34CC552B-7F7C-4284-8EA9-80871C12B887}.Debug|Any CPU.ActiveCfg = Debug|Any CPU
		{34CC552B-7F7C-4284-8EA9-80871C12B887}.Debug|Any CPU.Build.0 = Debug|Any CPU
		{34CC552B-7F7C-4284-8EA9-80871C12B887}.Release|Any CPU.ActiveCfg = Release|Any CPU
		{34CC552B-7F7C-4284-8EA9-80871C12B887}.Release|Any CPU.Build.0 = Release|Any CPU
		{35677F73-BDE5-4202-8000-535F7973FBFD}.Debug|Any CPU.ActiveCfg = Debug|Any CPU
		{35677F73-BDE5-4202-8000-535F7973FBFD}.Debug|Any CPU.Build.0 = Debug|Any CPU
		{35677F73-BDE5-4202-8000-535F7973FBFD}.Release|Any CPU.ActiveCfg = Release|Any CPU
		{35677F73-BDE5-4202-8000-535F7973FBFD}.Release|Any CPU.Build.0 = Release|Any CPU
		{7BF10E7C-00E5-4AFD-804B-73780A064588}.Debug|Any CPU.ActiveCfg = Debug|Any CPU
		{7BF10E7C-00E5-4AFD-804B-73780A064588}.Debug|Any CPU.Build.0 = Debug|Any CPU
		{7BF10E7C-00E5-4AFD-804B-73780A064588}.Release|Any CPU.ActiveCfg = Release|Any CPU
		{7BF10E7C-00E5-4AFD-804B-73780A064588}.Release|Any CPU.Build.0 = Release|Any CPU
		{BD5C32B6-5373-47FB-87DD-44A68EB090A1}.Debug|Any CPU.ActiveCfg = Debug|Any CPU
		{BD5C32B6-5373-47FB-87DD-44A68EB090A1}.Debug|Any CPU.Build.0 = Debug|Any CPU
		{BD5C32B6-5373-47FB-87DD-44A68EB090A1}.Release|Any CPU.ActiveCfg = Release|Any CPU
		{BD5C32B6-5373-47FB-87DD-44A68EB090A1}.Release|Any CPU.Build.0 = Release|Any CPU
		{F6DDD261-A934-4D7B-84B9-156D004A21FF}.Debug|Any CPU.ActiveCfg = Debug|Any CPU
		{F6DDD261-A934-4D7B-84B9-156D004A21FF}.Debug|Any CPU.Build.0 = Debug|Any CPU
		{F6DDD261-A934-4D7B-84B9-156D004A21FF}.Release|Any CPU.ActiveCfg = Release|Any CPU
		{F6DDD261-A934-4D7B-84B9-156D004A21FF}.Release|Any CPU.Build.0 = Release|Any CPU
		{1B8A4AB0-394D-4161-91E7-56196C1A2CED}.Debug|Any CPU.ActiveCfg = Debug|Any CPU
		{1B8A4AB0-394D-4161-91E7-56196C1A2CED}.Debug|Any CPU.Build.0 = Debug|Any CPU
		{1B8A4AB0-394D-4161-91E7-56196C1A2CED}.Release|Any CPU.ActiveCfg = Release|Any CPU
		{1B8A4AB0-394D-4161-91E7-56196C1A2CED}.Release|Any CPU.Build.0 = Release|Any CPU
		{44D606BF-902E-4AB7-8A51-F6475911B3CF}.Debug|Any CPU.ActiveCfg = Debug|Any CPU
		{44D606BF-902E-4AB7-8A51-F6475911B3CF}.Debug|Any CPU.Build.0 = Debug|Any CPU
		{44D606BF-902E-4AB7-8A51-F6475911B3CF}.Release|Any CPU.ActiveCfg = Release|Any CPU
		{44D606BF-902E-4AB7-8A51-F6475911B3CF}.Release|Any CPU.Build.0 = Release|Any CPU
		{4AC315DE-E2C4-44F7-9A8F-43DEB5BFE053}.Debug|Any CPU.ActiveCfg = Debug|Any CPU
		{4AC315DE-E2C4-44F7-9A8F-43DEB5BFE053}.Debug|Any CPU.Build.0 = Debug|Any CPU
		{4AC315DE-E2C4-44F7-9A8F-43DEB5BFE053}.Release|Any CPU.ActiveCfg = Release|Any CPU
		{4AC315DE-E2C4-44F7-9A8F-43DEB5BFE053}.Release|Any CPU.Build.0 = Release|Any CPU
		{5E6E8D8D-FE1F-4FEC-A115-9A8C7C4C07F4}.Debug|Any CPU.ActiveCfg = Debug|Any CPU
		{5E6E8D8D-FE1F-4FEC-A115-9A8C7C4C07F4}.Debug|Any CPU.Build.0 = Debug|Any CPU
		{5E6E8D8D-FE1F-4FEC-A115-9A8C7C4C07F4}.Release|Any CPU.ActiveCfg = Release|Any CPU
		{5E6E8D8D-FE1F-4FEC-A115-9A8C7C4C07F4}.Release|Any CPU.Build.0 = Release|Any CPU
		{B305B8CF-6197-4E1C-9DE7-26F095647E54}.Debug|Any CPU.ActiveCfg = Debug|Any CPU
		{B305B8CF-6197-4E1C-9DE7-26F095647E54}.Debug|Any CPU.Build.0 = Debug|Any CPU
		{B305B8CF-6197-4E1C-9DE7-26F095647E54}.Release|Any CPU.ActiveCfg = Release|Any CPU
		{B305B8CF-6197-4E1C-9DE7-26F095647E54}.Release|Any CPU.Build.0 = Release|Any CPU
		{EF8F8F69-BDAD-4CC7-9428-400B2DACF6D3}.Debug|Any CPU.ActiveCfg = Debug|Any CPU
		{EF8F8F69-BDAD-4CC7-9428-400B2DACF6D3}.Debug|Any CPU.Build.0 = Debug|Any CPU
		{EF8F8F69-BDAD-4CC7-9428-400B2DACF6D3}.Release|Any CPU.ActiveCfg = Release|Any CPU
		{EF8F8F69-BDAD-4CC7-9428-400B2DACF6D3}.Release|Any CPU.Build.0 = Release|Any CPU
		{205BB928-DCE3-4F12-A36E-3854727E0566}.Debug|Any CPU.ActiveCfg = Debug|Any CPU
		{205BB928-DCE3-4F12-A36E-3854727E0566}.Debug|Any CPU.Build.0 = Debug|Any CPU
		{205BB928-DCE3-4F12-A36E-3854727E0566}.Release|Any CPU.ActiveCfg = Release|Any CPU
		{205BB928-DCE3-4F12-A36E-3854727E0566}.Release|Any CPU.Build.0 = Release|Any CPU
		{8F870E8B-4722-42EC-A29C-BE06A24A321A}.Debug|Any CPU.ActiveCfg = Debug|Any CPU
		{8F870E8B-4722-42EC-A29C-BE06A24A321A}.Debug|Any CPU.Build.0 = Debug|Any CPU
		{8F870E8B-4722-42EC-A29C-BE06A24A321A}.Release|Any CPU.ActiveCfg = Release|Any CPU
		{8F870E8B-4722-42EC-A29C-BE06A24A321A}.Release|Any CPU.Build.0 = Release|Any CPU
	EndGlobalSection
	GlobalSection(SolutionProperties) = preSolution
		HideSolutionNode = FALSE
	EndGlobalSection
	GlobalSection(ExtensibilityGlobals) = postSolution
		SolutionGuid = {C7A5CCFD-EB61-401F-81E2-8D992A1A5EF3}
	EndGlobalSection
EndGlobal
